
Microsoft Visual Studio Solution File, Format Version 12.00
# Visual Studio Version 17
VisualStudioVersion = 17.3.32825.248
MinimumVisualStudioVersion = 10.0.40219.1
Project("{FAE04EC0-301F-11D3-BF4B-00C04F79EFBC}") = "OOP Class", "OOP Class\OOP Class.csproj", "{01425D96-2036-4F4C-95B8-739FE09E0080}"
EndProject
Global
	GlobalSection(SolutionConfigurationPlatforms) = preSolution
		Debug|Any CPU = Debug|Any CPU
		Release|Any CPU = Release|Any CPU
	EndGlobalSection
	GlobalSection(ProjectConfigurationPlatforms) = postSolution
		{01425D96-2036-4F4C-95B8-739FE09E0080}.Debug|Any CPU.ActiveCfg = Debug|Any CPU
		{01425D96-2036-4F4C-95B8-739FE09E0080}.Debug|Any CPU.Build.0 = Debug|Any CPU
		{01425D96-2036-4F4C-95B8-739FE09E0080}.Release|Any CPU.ActiveCfg = Release|Any CPU
		{01425D96-2036-4F4C-95B8-739FE09E0080}.Release|Any CPU.Build.0 = Release|Any CPU
	EndGlobalSection
	GlobalSection(SolutionProperties) = preSolution
		HideSolutionNode = FALSE
	EndGlobalSection
	GlobalSection(ExtensibilityGlobals) = postSolution
		SolutionGuid = {69D4164B-38A3-4103-8028-EDD5375AF6E5}
	EndGlobalSection
EndGlobal
